
Microsoft Visual Studio Solution File, Format Version 12.00
# Visual Studio Version 16
VisualStudioVersion = 16.0.29920.165
MinimumVisualStudioVersion = 10.0.40219.1
Project("{9A19103F-16F7-4668-BE54-9A1E7A4F7556}") = "Leccion 1", "MyFirstProgram\Leccion 1.csproj", "{24348C1B-F0D8-4CB1-B710-B4847D601AD8}"
EndProject
Project("{FAE04EC0-301F-11D3-BF4B-00C04F79EFBC}") = "Leccion2", "Leccion2\Leccion2.csproj", "{B2D8687C-A7BA-48ED-8859-68963B370296}"
EndProject
Project("{FAE04EC0-301F-11D3-BF4B-00C04F79EFBC}") = "leccion 3", "leccion 3\leccion 3.csproj", "{4628CF56-F69C-4E28-B295-B36D9FDA0FA4}"
EndProject
Project("{FAE04EC0-301F-11D3-BF4B-00C04F79EFBC}") = "Leccion 4", "Leccion 4\Leccion 4.csproj", "{7763E5F3-436E-4216-84C7-385D34787B07}"
EndProject
Project("{FAE04EC0-301F-11D3-BF4B-00C04F79EFBC}") = "Booot", "Booot\Booot.csproj", "{5AF76747-662B-4662-B9CB-2AEEBF2A12E3}"
EndProject
Project("{FAE04EC0-301F-11D3-BF4B-00C04F79EFBC}") = "Leccion 5", "Leccion 5\Leccion 5.csproj", "{07B8231B-215A-432F-9510-D08AE99346B0}"
EndProject
Project("{FAE04EC0-301F-11D3-BF4B-00C04F79EFBC}") = "GoogleTranslate", "GoogleTranslate\GoogleTranslate.csproj", "{5ACE174C-AC09-441B-9597-34DBEA843ACB}"
EndProject
Project("{FAE04EC0-301F-11D3-BF4B-00C04F79EFBC}") = "Movimento", "Leccion 6\Movimento.csproj", "{DB65A4A9-13E8-4C80-B209-3A7933807CE1}"
EndProject
Global
	GlobalSection(SolutionConfigurationPlatforms) = preSolution
		Debug|Any CPU = Debug|Any CPU
		Release|Any CPU = Release|Any CPU
	EndGlobalSection
	GlobalSection(ProjectConfigurationPlatforms) = postSolution
		{24348C1B-F0D8-4CB1-B710-B4847D601AD8}.Debug|Any CPU.ActiveCfg = Debug|Any CPU
		{24348C1B-F0D8-4CB1-B710-B4847D601AD8}.Debug|Any CPU.Build.0 = Debug|Any CPU
		{24348C1B-F0D8-4CB1-B710-B4847D601AD8}.Release|Any CPU.ActiveCfg = Release|Any CPU
		{24348C1B-F0D8-4CB1-B710-B4847D601AD8}.Release|Any CPU.Build.0 = Release|Any CPU
		{B2D8687C-A7BA-48ED-8859-68963B370296}.Debug|Any CPU.ActiveCfg = Debug|Any CPU
		{B2D8687C-A7BA-48ED-8859-68963B370296}.Debug|Any CPU.Build.0 = Debug|Any CPU
		{B2D8687C-A7BA-48ED-8859-68963B370296}.Release|Any CPU.ActiveCfg = Release|Any CPU
		{B2D8687C-A7BA-48ED-8859-68963B370296}.Release|Any CPU.Build.0 = Release|Any CPU
		{4628CF56-F69C-4E28-B295-B36D9FDA0FA4}.Debug|Any CPU.ActiveCfg = Debug|Any CPU
		{4628CF56-F69C-4E28-B295-B36D9FDA0FA4}.Debug|Any CPU.Build.0 = Debug|Any CPU
		{4628CF56-F69C-4E28-B295-B36D9FDA0FA4}.Release|Any CPU.ActiveCfg = Release|Any CPU
		{4628CF56-F69C-4E28-B295-B36D9FDA0FA4}.Release|Any CPU.Build.0 = Release|Any CPU
		{7763E5F3-436E-4216-84C7-385D34787B07}.Debug|Any CPU.ActiveCfg = Debug|Any CPU
		{7763E5F3-436E-4216-84C7-385D34787B07}.Debug|Any CPU.Build.0 = Debug|Any CPU
		{7763E5F3-436E-4216-84C7-385D34787B07}.Release|Any CPU.ActiveCfg = Release|Any CPU
		{7763E5F3-436E-4216-84C7-385D34787B07}.Release|Any CPU.Build.0 = Release|Any CPU
		{5AF76747-662B-4662-B9CB-2AEEBF2A12E3}.Debug|Any CPU.ActiveCfg = Debug|Any CPU
		{5AF76747-662B-4662-B9CB-2AEEBF2A12E3}.Debug|Any CPU.Build.0 = Debug|Any CPU
		{5AF76747-662B-4662-B9CB-2AEEBF2A12E3}.Release|Any CPU.ActiveCfg = Release|Any CPU
		{5AF76747-662B-4662-B9CB-2AEEBF2A12E3}.Release|Any CPU.Build.0 = Release|Any CPU
		{07B8231B-215A-432F-9510-D08AE99346B0}.Debug|Any CPU.ActiveCfg = Debug|Any CPU
		{07B8231B-215A-432F-9510-D08AE99346B0}.Debug|Any CPU.Build.0 = Debug|Any CPU
		{07B8231B-215A-432F-9510-D08AE99346B0}.Release|Any CPU.ActiveCfg = Release|Any CPU
		{07B8231B-215A-432F-9510-D08AE99346B0}.Release|Any CPU.Build.0 = Release|Any CPU
		{5ACE174C-AC09-441B-9597-34DBEA843ACB}.Debug|Any CPU.ActiveCfg = Debug|Any CPU
		{5ACE174C-AC09-441B-9597-34DBEA843ACB}.Debug|Any CPU.Build.0 = Debug|Any CPU
		{5ACE174C-AC09-441B-9597-34DBEA843ACB}.Release|Any CPU.ActiveCfg = Release|Any CPU
		{5ACE174C-AC09-441B-9597-34DBEA843ACB}.Release|Any CPU.Build.0 = Release|Any CPU
		{DB65A4A9-13E8-4C80-B209-3A7933807CE1}.Debug|Any CPU.ActiveCfg = Debug|Any CPU
		{DB65A4A9-13E8-4C80-B209-3A7933807CE1}.Debug|Any CPU.Build.0 = Debug|Any CPU
		{DB65A4A9-13E8-4C80-B209-3A7933807CE1}.Release|Any CPU.ActiveCfg = Release|Any CPU
		{DB65A4A9-13E8-4C80-B209-3A7933807CE1}.Release|Any CPU.Build.0 = Release|Any CPU
	EndGlobalSection
	GlobalSection(SolutionProperties) = preSolution
		HideSolutionNode = FALSE
	EndGlobalSection
	GlobalSection(ExtensibilityGlobals) = postSolution
		SolutionGuid = {A0434A92-9D9D-4F64-AC5F-D0AEB391C21B}
	EndGlobalSection
EndGlobal
